
Microsoft Visual Studio Solution File, Format Version 12.00
Project("{2150E333-8FDC-42A3-9474-1A3956D46DE8}") = "Projects", "Projects", "{2DCCD703-2BD1-415B-AD7F-52859C5C2138}"
EndProject
Project("{FAE04EC0-301F-11D3-BF4B-00C04F79EFBC}") = "WkChallenge.Infrastructure", "WkChallenge.Infrastructure\WkChallenge.Infrastructure.csproj", "{0B2CFEAD-0AED-4EAD-B77C-AA15711E7303}"
Project("{FAE04EC0-301F-11D3-BF4B-00C04F79EFBC}") = "WkChallenge.Core", "WkChallenge.Core\WkChallenge.Core.csproj", "{DF14BF05-FA8B-4872-BF03-FEAD3B5CF522}"
EndProject
Project("{FAE04EC0-301F-11D3-BF4B-00C04F79EFBC}") = "WkChallenge.Infrastructure", "WkChallenge.Infrastructure\WkChallenge.Infrastructure.csproj", "{136B176C-93E6-42B8-9B97-4863909520DB}"
EndProject
Project("{FAE04EC0-301F-11D3-BF4B-00C04F79EFBC}") = "WkChallenge.Api", "WkChallenge.Api\WkChallenge.Api.csproj", "{408DA7CA-FACD-4FA6-B656-118F213845B3}"
EndProject
Project("{2150E333-8FDC-42A3-9474-1A3956D46DE8}") = "Docker", "Docker", "{5BD698FA-AD92-48E4-A8BE-597567536532}"
	ProjectSection(SolutionItems) = preProject
		compose.yaml = compose.yaml
	EndProjectSection
EndProject
Global
	GlobalSection(SolutionConfigurationPlatforms) = preSolution
		Debug|Any CPU = Debug|Any CPU
		Release|Any CPU = Release|Any CPU
	EndGlobalSection
	GlobalSection(ProjectConfigurationPlatforms) = postSolution
		{DF14BF05-FA8B-4872-BF03-FEAD3B5CF522}.Debug|Any CPU.ActiveCfg = Debug|Any CPU
		{DF14BF05-FA8B-4872-BF03-FEAD3B5CF522}.Debug|Any CPU.Build.0 = Debug|Any CPU
		{DF14BF05-FA8B-4872-BF03-FEAD3B5CF522}.Release|Any CPU.ActiveCfg = Release|Any CPU
		{DF14BF05-FA8B-4872-BF03-FEAD3B5CF522}.Release|Any CPU.Build.0 = Release|Any CPU
		{136B176C-93E6-42B8-9B97-4863909520DB}.Debug|Any CPU.ActiveCfg = Debug|Any CPU
		{136B176C-93E6-42B8-9B97-4863909520DB}.Debug|Any CPU.Build.0 = Debug|Any CPU
		{136B176C-93E6-42B8-9B97-4863909520DB}.Release|Any CPU.ActiveCfg = Release|Any CPU
		{136B176C-93E6-42B8-9B97-4863909520DB}.Release|Any CPU.Build.0 = Release|Any CPU
		{408DA7CA-FACD-4FA6-B656-118F213845B3}.Debug|Any CPU.ActiveCfg = Debug|Any CPU
		{408DA7CA-FACD-4FA6-B656-118F213845B3}.Debug|Any CPU.Build.0 = Debug|Any CPU
		{408DA7CA-FACD-4FA6-B656-118F213845B3}.Release|Any CPU.ActiveCfg = Release|Any CPU
		{408DA7CA-FACD-4FA6-B656-118F213845B3}.Release|Any CPU.Build.0 = Release|Any CPU
	EndGlobalSection
	GlobalSection(NestedProjects) = preSolution
		{DF14BF05-FA8B-4872-BF03-FEAD3B5CF522} = {2DCCD703-2BD1-415B-AD7F-52859C5C2138}
		{136B176C-93E6-42B8-9B97-4863909520DB} = {2DCCD703-2BD1-415B-AD7F-52859C5C2138}
		{408DA7CA-FACD-4FA6-B656-118F213845B3} = {2DCCD703-2BD1-415B-AD7F-52859C5C2138}
	EndGlobalSection
EndGlobal
